version = 1
revision = 3
requires-python = ">=3.13"

[[package]]
name = "faker"
version = "40.28.1"
source = { registry = "https://pypi.org/simple" }
dependencies = [
    { name = "tzdata", marker = "sys_platform == 'win32'" },
]
sdist = { url = "https://files.pythonhosted.org/packages/cc/2d/3ead106cef42eab305e15f9c089dcc68a40387d5ce04af18585af4ebbb44/faker-40.28.1.tar.gz", hash = "sha256:2a63fb51abab8790636d4030a094cf942404cbccc9c288d1cad70e2e3e9ecd58", size = 2022717, upload-time = "2026-07-01T22:23:43.763Z" }
wheels = [
    { url = "https://files.pythonhosted.org/packages/92/a6/6111b9f13c1564b0e2f5dbeeb611fd00dc731e6add2336f62b798598c73d/faker-40.28.1-py3-none-any.whl", hash = "sha256:e8d3f5c469100a553d246dce7937c291308068a5ec6c9c3a228d7878b50720be", size = 2061052, upload-time = "2026-07-01T22:23:41.946Z" },
]

[[package]]
name = "python-and-dev-for-analysis"
version = "0.1.0"
source = { virtual = "." }
dependencies = [
    { name = "faker" },
]

[package.metadata]
requires-dist = [{ name = "faker", specifier = ">=40.28.1" }]

[[package]]
name = "tzdata"
version = "2026.2"
source = { registry = "https://pypi.org/simple" }
sdist = { url = "https://files.pythonhosted.org/packages/ba/19/1b9b0e29f30c6d35cb345486df41110984ea67ae69dddbc0e8a100999493/tzdata-2026.2.tar.gz", hash = "sha256:9173fde7d80d9018e02a662e168e5a2d04f87c41ea174b139fbef642eda62d10", size = 198254, upload-time = "2026-04-24T15:22:08.651Z" }
wheels = [
    { url = "https://files.pythonhosted.org/packages/ce/e4/dccd7f47c4b64213ac01ef921a1337ee6e30e8c6466046018326977efd95/tzdata-2026.2-py2.py3-none-any.whl", hash = "sha256:bbe9af844f658da81a5f95019480da3a89415801f6cc966806612cc7169bffe7", size = 349321, upload-time = "2026-04-24T15:22:05.876Z" },
]
